// !$*UTF8*$!
{
	archiveVersion = 1;
	classes = {
	};
	objectVersion = 46;
	objects = {

/* Begin PBXBuildFile section */
		1BF0CB161D2174C20091C64C /* main.m in Sources */ = {isa = PBXBuildFile; fileRef = 1BF0CB151D2174C20091C64C /* main.m */; };
		1BF0CB191D2174C20091C64C /* AppDelegate.m in Sources */ = {isa = PBXBuildFile; fileRef = 1BF0CB181D2174C20091C64C /* AppDelegate.m */; };
		1BF0CB1C1D2174C20091C64C /* ViewController.m in Sources */ = {isa = PBXBuildFile; fileRef = 1BF0CB1B1D2174C20091C64C /* ViewController.m */; };
		1BF0CB1F1D2174C20091C64C /* Main.storyboard in Resources */ = {isa = PBXBuildFile; fileRef = 1BF0CB1D1D2174C20091C64C /* Main.storyboard */; };
		1BF0CB211D2174C20091C64C /* Assets.xcassets in Resources */ = {isa = PBXBuildFile; fileRef = 1BF0CB201D2174C20091C64C /* Assets.xcassets */; };
		1BF0CB241D2174C20091C64C /* LaunchScreen.storyboard in Resources */ = {isa = PBXBuildFile; fileRef = 1BF0CB221D2174C20091C64C /* LaunchScreen.storyboard */; };
		1BF0CB2F1D2174C20091C64C /* FISAutolayoutTests.m in Sources */ = {isa = PBXBuildFile; fileRef = 1BF0CB2E1D2174C20091C64C /* FISAutolayoutTests.m */; };
		1BF0CB3A1D2174C20091C64C /* FISAutolayoutUITests.m in Sources */ = {isa = PBXBuildFile; fileRef = 1BF0CB391D2174C20091C64C /* FISAutolayoutUITests.m */; };
/* End PBXBuildFile section */

/* Begin PBXContainerItemProxy section */
		1BF0CB2B1D2174C20091C64C /* PBXContainerItemProxy */ = {
			isa = PBXContainerItemProxy;
			containerPortal = 1BF0CB091D2174C20091C64C /* Project object */;
			proxyType = 1;
			remoteGlobalIDString = 1BF0CB101D2174C20091C64C;
			remoteInfo = FISAutolayout;
		};
		1BF0CB361D2174C20091C64C /* PBXContainerItemProxy */ = {
			isa = PBXContainerItemProxy;
			containerPortal = 1BF0CB091D2174C20091C64C /* Project object */;
			proxyType = 1;
			remoteGlobalIDString = 1BF0CB101D2174C20091C64C;
			remoteInfo = FISAutolayout;
		};
/* End PBXContainerItemProxy section */

/* Begin PBXFileReference section */
		1BF0CB111D2174C20091C64C /* FISAutolayout.app */ = {isa = PBXFileReference; explicitFileType = wrapper.application; includeInIndex = 0; path = FISAutolayout.app; sourceTree = BUILT_PRODUCTS_DIR; };
		1BF0CB151D2174C20091C64C /* main.m */ = {isa = PBXFileReference; lastKnownFileType = sourcecode.c.objc; path = main.m; sourceTree = "<group>"; };
		1BF0CB171D2174C20091C64C /* AppDelegate.h */ = {isa = PBXFileReference; lastKnownFileType = sourcecode.c.h; path = AppDelegate.h; sourceTree = "<group>"; };
		1BF0CB181D2174C20091C64C /* AppDelegate.m */ = {isa = PBXFileReference; lastKnownFileType = sourcecode.c.objc; path = AppDelegate.m; sourceTree = "<group>"; };
		1BF0CB1A1D2174C20091C64C /* ViewController.h */ = {isa = PBXFileReference; lastKnownFileType = sourcecode.c.h; path = ViewController.h; sourceTree = "<group>"; };
		1BF0CB1B1D2174C20091C64C /* ViewController.m */ = {isa = PBXFileReference; lastKnownFileType = sourcecode.c.objc; path = ViewController.m; sourceTree = "<group>"; };
		1BF0CB1E1D2174C20091C64C /* Base */ = {isa = PBXFileReference; lastKnownFileType = file.storyboard; name = Base; path = Base.lproj/Main.storyboard; sourceTree = "<group>"; };
		1BF0CB201D2174C20091C64C /* Assets.xcassets */ = {isa = PBXFileReference; lastKnownFileType = folder.assetcatalog; path = Assets.xcassets; sourceTree = "<group>"; };
		1BF0CB231D2174C20091C64C /* Base */ = {isa = PBXFileReference; lastKnownFileType = file.storyboard; name = Base; path = Base.lproj/LaunchScreen.storyboard; sourceTree = "<group>"; };
		1BF0CB251D2174C20091C64C /* Info.plist */ = {isa = PBXFileReference; lastKnownFileType = text.plist.xml; path = Info.plist; sourceTree = "<group>"; };
		1BF0CB2A1D2174C20091C64C /* FISAutolayoutTests.xctest */ = {isa = PBXFileReference; explicitFileType = wrapper.cfbundle; includeInIndex = 0; path = FISAutolayoutTests.xctest; sourceTree = BUILT_PRODUCTS_DIR; };
		1BF0CB2E1D2174C20091C64C /* FISAutolayoutTests.m */ = {isa = PBXFileReference; lastKnownFileType = sourcecode.c.objc; path = FISAutolayoutTests.m; sourceTree = "<group>"; };
		1BF0CB301D2174C20091C64C /* Info.plist */ = {isa = PBXFileReference; lastKnownFileType = text.plist.xml; path = Info.plist; sourceTree = "<group>"; };
		1BF0CB351D2174C20091C64C /* FISAutolayoutUITests.xctest */ = {isa = PBXFileReference; explicitFileType = wrapper.cfbundle; includeInIndex = 0; path = FISAutolayoutUITests.xctest; sourceTree = BUILT_PRODUCTS_DIR; };
		1BF0CB391D2174C20091C64C /* FISAutolayoutUITests.m */ = {isa = PBXFileReference; lastKnownFileType = sourcecode.c.objc; path = FISAutolayoutUITests.m; sourceTree = "<group>"; };
		1BF0CB3B1D2174C20091C64C /* Info.plist */ = {isa = PBXFileReference; lastKnownFileType = text.plist.xml; path = Info.plist; sourceTree = "<group>"; };
/* End PBXFileReference section */

/* Begin PBXFrameworksBuildPhase section */
		1BF0CB0E1D2174C20091C64C /* Frameworks */ = {
			isa = PBXFrameworksBuildPhase;
			buildActionMask = 2147483647;
			files = (
			);
			runOnlyForDeploymentPostprocessing = 0;
		};
		1BF0CB271D2174C20091C64C /* Frameworks */ = {
			isa = PBXFrameworksBuildPhase;
			buildActionMask = 2147483647;
			files = (
			);
			runOnlyForDeploymentPostprocessing = 0;
		};
		1BF0CB321D2174C20091C64C /* Frameworks */ = {
			isa = PBXFrameworksBuildPhase;
			buildActionMask = 2147483647;
			files = (
			);
			runOnlyForDeploymentPostprocessing = 0;
		};
/* End PBXFrameworksBuildPhase section */

/* Begin PBXGroup section */
		1BF0CB081D2174C20091C64C = {
			isa = PBXGroup;
			children = (
				1BF0CB131D2174C20091C64C /* FISAutolayout */,
				1BF0CB2D1D2174C20091C64C /* FISAutolayoutTests */,
				1BF0CB381D2174C20091C64C /* FISAutolayoutUITests */,
				1BF0CB121D2174C20091C64C /* Products */,
			);
			sourceTree = "<group>";
		};
		1BF0CB121D2174C20091C64C /* Products */ = {
			isa = PBXGroup;
			children = (
				1BF0CB111D2174C20091C64C /* FISAutolayout.app */,
				1BF0CB2A1D2174C20091C64C /* FISAutolayoutTests.xctest */,
				1BF0CB351D2174C20091C64C /* FISAutolayoutUITests.xctest */,
			);
			name = Products;
			sourceTree = "<group>";
		};
		1BF0CB131D2174C20091C64C /* FISAutolayout */ = {
			isa = PBXGroup;
			children = (
				1BF0CB171D2174C20091C64C /* AppDelegate.h */,
				1BF0CB181D2174C20091C64C /* AppDelegate.m */,
				1BF0CB1A1D2174C20091C64C /* ViewController.h */,
				1BF0CB1B1D2174C20091C64C /* ViewController.m */,
				1BF0CB1D1D2174C20091C64C /* Main.storyboard */,
				1BF0CB201D2174C20091C64C /* Assets.xcassets */,
				1BF0CB221D2174C20091C64C /* LaunchScreen.storyboard */,
				1BF0CB251D2174C20091C64C /* Info.plist */,
				1BF0CB141D2174C20091C64C /* Supporting Files */,
			);
			path = FISAutolayout;
			sourceTree = "<group>";
		};
		1BF0CB141D2174C20091C64C /* Supporting Files */ = {
			isa = PBXGroup;
			children = (
				1BF0CB151D2174C20091C64C /* main.m */,
			);
			name = "Supporting Files";
			sourceTree = "<group>";
		};
		1BF0CB2D1D2174C20091C64C /* FISAutolayoutTests */ = {
			isa = PBXGroup;
			children = (
				1BF0CB2E1D2174C20091C64C /* FISAutolayoutTests.m */,
				1BF0CB301D2174C20091C64C /* Info.plist */,
			);
			path = FISAutolayoutTests;
			sourceTree = "<group>";
		};
		1BF0CB381D2174C20091C64C /* FISAutolayoutUITests */ = {
			isa = PBXGroup;
			children = (
				1BF0CB391D2174C20091C64C /* FISAutolayoutUITests.m */,
				1BF0CB3B1D2174C20091C64C /* Info.plist */,
			);
			path = FISAutolayoutUITests;
			sourceTree = "<group>";
		};
/* End PBXGroup section */

/* Begin PBXNativeTarget section */
		1BF0CB101D2174C20091C64C /* FISAutolayout */ = {
			isa = PBXNativeTarget;
			buildConfigurationList = 1BF0CB3E1D2174C20091C64C /* Build configuration list for PBXNativeTarget "FISAutolayout" */;
			buildPhases = (
				1BF0CB0D1D2174C20091C64C /* Sources */,
				1BF0CB0E1D2174C20091C64C /* Frameworks */,
				1BF0CB0F1D2174C20091C64C /* Resources */,
			);
			buildRules = (
			);
			dependencies = (
			);
			name = FISAutolayout;
			productName = FISAutolayout;
			productReference = 1BF0CB111D2174C20091C64C /* FISAutolayout.app */;
			productType = "com.apple.product-type.application";
		};
		1BF0CB291D2174C20091C64C /* FISAutolayoutTests */ = {
			isa = PBXNativeTarget;
			buildConfigurationList = 1BF0CB411D2174C20091C64C /* Build configuration list for PBXNativeTarget "FISAutolayoutTests" */;
			buildPhases = (
				1BF0CB261D2174C20091C64C /* Sources */,
				1BF0CB271D2174C20091C64C /* Frameworks */,
				1BF0CB281D2174C20091C64C /* Resources */,
			);
			buildRules = (
			);
			dependencies = (
				1BF0CB2C1D2174C20091C64C /* PBXTargetDependency */,
			);
			name = FISAutolayoutTests;
			productName = FISAutolayoutTests;
			productReference = 1BF0CB2A1D2174C20091C64C /* FISAutolayoutTests.xctest */;
			productType = "com.apple.product-type.bundle.unit-test";
		};
		1BF0CB341D2174C20091C64C /* FISAutolayoutUITests */ = {
			isa = PBXNativeTarget;
			buildConfigurationList = 1BF0CB441D2174C20091C64C /* Build configuration list for PBXNativeTarget "FISAutolayoutUITests" */;
			buildPhases = (
				1BF0CB311D2174C20091C64C /* Sources */,
				1BF0CB321D2174C20091C64C /* Frameworks */,
				1BF0CB331D2174C20091C64C /* Resources */,
			);
			buildRules = (
			);
			dependencies = (
				1BF0CB371D2174C20091C64C /* PBXTargetDependency */,
			);
			name = FISAutolayoutUITests;
			productName = FISAutolayoutUITests;
			productReference = 1BF0CB351D2174C20091C64C /* FISAutolayoutUITests.xctest */;
			productType = "com.apple.product-type.bundle.ui-testing";
		};
/* End PBXNativeTarget section */

/* Begin PBXProject section */
		1BF0CB091D2174C20091C64C /* Project object */ = {
			isa = PBXProject;
			attributes = {
				LastUpgradeCheck = 0730;
				ORGANIZATIONNAME = "Flatiron School";
				TargetAttributes = {
					1BF0CB101D2174C20091C64C = {
						CreatedOnToolsVersion = 7.3.1;
					};
					1BF0CB291D2174C20091C64C = {
						CreatedOnToolsVersion = 7.3.1;
						TestTargetID = 1BF0CB101D2174C20091C64C;
					};
					1BF0CB341D2174C20091C64C = {
						CreatedOnToolsVersion = 7.3.1;
						TestTargetID = 1BF0CB101D2174C20091C64C;
					};
				};
			};
			buildConfigurationList = 1BF0CB0C1D2174C20091C64C /* Build configuration list for PBXProject "FISAutolayout" */;
			compatibilityVersion = "Xcode 3.2";
			developmentRegion = English;
			hasScannedForEncodings = 0;
			knownRegions = (
				en,
				Base,
			);
			mainGroup = 1BF0CB081D2174C20091C64C;
			productRefGroup = 1BF0CB121D2174C20091C64C /* Products */;
			projectDirPath = "";
			projectRoot = "";
			targets = (
				1BF0CB101D2174C20091C64C /* FISAutolayout */,
				1BF0CB291D2174C20091C64C /* FISAutolayoutTests */,
				1BF0CB341D2174C20091C64C /* FISAutolayoutUITests */,
			);
		};
/* End PBXProject section */

/* Begin PBXResourcesBuildPhase section */
		1BF0CB0F1D2174C20091C64C /* Resources */ = {
			isa = PBXResourcesBuildPhase;
			buildActionMask = 2147483647;
			files = (
				1BF0CB241D2174C20091C64C /* LaunchScreen.storyboard in Resources */,
				1BF0CB211D2174C20091C64C /* Assets.xcassets in Resources */,
				1BF0CB1F1D2174C20091C64C /* Main.storyboard in Resources */,
			);
			runOnlyForDeploymentPostprocessing = 0;
		};
		1BF0CB281D2174C20091C64C /* Resources */ = {
			isa = PBXResourcesBuildPhase;
			buildActionMask = 2147483647;
			files = (
			);
			runOnlyForDeploymentPostprocessing = 0;
		};
		1BF0CB331D2174C20091C64C /* Resources */ = {
			isa = PBXResourcesBuildPhase;
			buildActionMask = 2147483647;
			files = (
			);
			runOnlyForDeploymentPostprocessing = 0;
		};
/* End PBXResourcesBuildPhase section */

/* Begin PBXSourcesBuildPhase section */
		1BF0CB0D1D2174C20091C64C /* Sources */ = {
			isa = PBXSourcesBuildPhase;
			buildActionMask = 2147483647;
			files = (
				1BF0CB1C1D2174C20091C64C /* ViewController.m in Sources */,
				1BF0CB191D2174C20091C64C /* AppDelegate.m in Sources */,
				1BF0CB161D2174C20091C64C /* main.m in Sources */,
			);
			runOnlyForDeploymentPostprocessing = 0;
		};
		1BF0CB261D2174C20091C64C /* Sources */ = {
			isa = PBXSourcesBuildPhase;
			buildActionMask = 2147483647;
			files = (
				1BF0CB2F1D2174C20091C64C /* FISAutolayoutTests.m in Sources */,
			);
			runOnlyForDeploymentPostprocessing = 0;
		};
		1BF0CB311D2174C20091C64C /* Sources */ = {
			isa = PBXSourcesBuildPhase;
			buildActionMask = 2147483647;
			files = (
				1BF0CB3A1D2174C20091C64C /* FISAutolayoutUITests.m in Sources */,
			);
			runOnlyForDeploymentPostprocessing = 0;
		};
/* End PBXSourcesBuildPhase section */

/* Begin PBXTargetDependency section */
		1BF0CB2C1D2174C20091C64C /* PBXTargetDependency */ = {
			isa = PBXTargetDependency;
			target = 1BF0CB101D2174C20091C64C /* FISAutolayout */;
			targetProxy = 1BF0CB2B1D2174C20091C64C /* PBXContainerItemProxy */;
		};
		1BF0CB371D2174C20091C64C /* PBXTargetDependency */ = {
			isa = PBXTargetDependency;
			target = 1BF0CB101D2174C20091C64C /* FISAutolayout */;
			targetProxy = 1BF0CB361D2174C20091C64C /* PBXContainerItemProxy */;
		};
/* End PBXTargetDependency section */

/* Begin PBXVariantGroup section */
		1BF0CB1D1D2174C20091C64C /* Main.storyboard */ = {
			isa = PBXVariantGroup;
			children = (
				1BF0CB1E1D2174C20091C64C /* Base */,
			);
			name = Main.storyboard;
			sourceTree = "<group>";
		};
		1BF0CB221D2174C20091C64C /* LaunchScreen.storyboard */ = {
			isa = PBXVariantGroup;
			children = (
				1BF0CB231D2174C20091C64C /* Base */,
			);
			name = LaunchScreen.storyboard;
			sourceTree = "<group>";
		};
/* End PBXVariantGroup section */

/* Begin XCBuildConfiguration section */
		1BF0CB3C1D2174C20091C64C /* Debug */ = {
			isa = XCBuildConfiguration;
			buildSettings = {
				ALWAYS_SEARCH_USER_PATHS = NO;
				CLANG_ANALYZER_NONNULL = YES;
				CLANG_CXX_LANGUAGE_STANDARD = "gnu++0x";
				CLANG_CXX_LIBRARY = "libc++";
				CLANG_ENABLE_MODULES = YES;
				CLANG_ENABLE_OBJC_ARC = YES;
				CLANG_WARN_BOOL_CONVERSION = YES;
				CLANG_WARN_CONSTANT_CONVERSION = YES;
				CLANG_WARN_DIRECT_OBJC_ISA_USAGE = YES_ERROR;
				CLANG_WARN_EMPTY_BODY = YES;
				CLANG_WARN_ENUM_CONVERSION = YES;
				CLANG_WARN_INT_CONVERSION = YES;
				CLANG_WARN_OBJC_ROOT_CLASS = YES_ERROR;
				CLANG_WARN_UNREACHABLE_CODE = YES;
				CLANG_WARN__DUPLICATE_METHOD_MATCH = YES;
				"CODE_SIGN_IDENTITY[sdk=iphoneos*]" = "iPhone Developer";
				COPY_PHASE_STRIP = NO;
				DEBUG_INFORMATION_FORMAT = dwarf;
				ENABLE_STRICT_OBJC_MSGSEND = YES;
				ENABLE_TESTABILITY = YES;
				GCC_C_LANGUAGE_STANDARD = gnu99;
				GCC_DYNAMIC_NO_PIC = NO;
				GCC_NO_COMMON_BLOCKS = YES;
				GCC_OPTIMIZATION_LEVEL = 0;
				GCC_PREPROCESSOR_DEFINITIONS = (
					"DEBUG=1",
					"$(inherited)",
				);
				GCC_WARN_64_TO_32_BIT_CONVERSION = YES;
				GCC_WARN_ABOUT_RETURN_TYPE = YES_ERROR;
				GCC_WARN_UNDECLARED_SELECTOR = YES;
				GCC_WARN_UNINITIALIZED_AUTOS = YES_AGGRESSIVE;
				GCC_WARN_UNUSED_FUNCTION = YES;
				GCC_WARN_UNUSED_VARIABLE = YES;
				IPHONEOS_DEPLOYMENT_TARGET = 9.3;
				MTL_ENABLE_DEBUG_INFO = YES;
				ONLY_ACTIVE_ARCH = YES;
				SDKROOT = iphoneos;
			};
			name = Debug;
		};
		1BF0CB3D1D2174C20091C64C /* Release */ = {
			isa = XCBuildConfiguration;
			buildSettings = {
				ALWAYS_SEARCH_USER_PATHS = NO;
				CLANG_ANALYZER_NONNULL = YES;
				CLANG_CXX_LANGUAGE_STANDARD = "gnu++0x";
				CLANG_CXX_LIBRARY = "libc++";
				CLANG_ENABLE_MODULES = YES;
				CLANG_ENABLE_OBJC_ARC = YES;
				CLANG_WARN_BOOL_CONVERSION = YES;
				CLANG_WARN_CONSTANT_CONVERSION = YES;
				CLANG_WARN_DIRECT_OBJC_ISA_USAGE = YES_ERROR;
				CLANG_WARN_EMPTY_BODY = YES;
				CLANG_WARN_ENUM_CONVERSION = YES;
				CLANG_WARN_INT_CONVERSION = YES;
				CLANG_WARN_OBJC_ROOT_CLASS = YES_ERROR;
				CLANG_WARN_UNREACHABLE_CODE = YES;
				CLANG_WARN__DUPLICATE_METHOD_MATCH = YES;
				"CODE_SIGN_IDENTITY[sdk=iphoneos*]" = "iPhone Developer";
				COPY_PHASE_STRIP = NO;
				DEBUG_INFORMATION_FORMAT = "dwarf-with-dsym";
				ENABLE_NS_ASSERTIONS = NO;
				ENABLE_STRICT_OBJC_MSGSEND = YES;
				GCC_C_LANGUAGE_STANDARD = gnu99;
				GCC_NO_COMMON_BLOCKS = YES;
				GCC_WARN_64_TO_32_BIT_CONVERSION = YES;
				GCC_WARN_ABOUT_RETURN_TYPE = YES_ERROR;
				GCC_WARN_UNDECLARED_SELECTOR = YES;
				GCC_WARN_UNINITIALIZED_AUTOS = YES_AGGRESSIVE;
				GCC_WARN_UNUSED_FUNCTION = YES;
				GCC_WARN_UNUSED_VARIABLE = YES;
				IPHONEOS_DEPLOYMENT_TARGET = 9.3;
				MTL_ENABLE_DEBUG_INFO = NO;
				SDKROOT = iphoneos;
				VALIDATE_PRODUCT = YES;
			};
			name = Release;
		};
		1BF0CB3F1D2174C20091C64C /* Debug */ = {
			isa = XCBuildConfiguration;
			buildSettings = {
				ASSETCATALOG_COMPILER_APPICON_NAME = AppIcon;
				INFOPLIST_FILE = FISAutolayout/Info.plist;
				LD_RUNPATH_SEARCH_PATHS = "$(inherited) @executable_path/Frameworks";
				PRODUCT_BUNDLE_IDENTIFIER = FIS.FISAutolayout;
				PRODUCT_NAME = "$(TARGET_NAME)";
			};
			name = Debug;
		};
		1BF0CB401D2174C20091C64C /* Release */ = {
			isa = XCBuildConfiguration;
			buildSettings = {
				ASSETCATALOG_COMPILER_APPICON_NAME = AppIcon;
				INFOPLIST_FILE = FISAutolayout/Info.plist;
				LD_RUNPATH_SEARCH_PATHS = "$(inherited) @executable_path/Frameworks";
				PRODUCT_BUNDLE_IDENTIFIER = FIS.FISAutolayout;
				PRODUCT_NAME = "$(TARGET_NAME)";
			};
			name = Release;
		};
		1BF0CB421D2174C20091C64C /* Debug */ = {
			isa = XCBuildConfiguration;
			buildSettings = {
				BUNDLE_LOADER = "$(TEST_HOST)";
				INFOPLIST_FILE = FISAutolayoutTests/Info.plist;
				LD_RUNPATH_SEARCH_PATHS = "$(inherited) @executable_path/Frameworks @loader_path/Frameworks";
				PRODUCT_BUNDLE_IDENTIFIER = FIS.FISAutolayoutTests;
				PRODUCT_NAME = "$(TARGET_NAME)";
				TEST_HOST = "$(BUILT_PRODUCTS_DIR)/FISAutolayout.app/FISAutolayout";
			};
			name = Debug;
		};
		1BF0CB431D2174C20091C64C /* Release */ = {
			isa = XCBuildConfiguration;
			buildSettings = {
				BUNDLE_LOADER = "$(TEST_HOST)";
				INFOPLIST_FILE = FISAutolayoutTests/Info.plist;
				LD_RUNPATH_SEARCH_PATHS = "$(inherited) @executable_path/Frameworks @loader_path/Frameworks";
				PRODUCT_BUNDLE_IDENTIFIER = FIS.FISAutolayoutTests;
				PRODUCT_NAME = "$(TARGET_NAME)";
				TEST_HOST = "$(BUILT_PRODUCTS_DIR)/FISAutolayout.app/FISAutolayout";
			};
			name = Release;
		};
		1BF0CB451D2174C20091C64C /* Debug */ = {
			isa = XCBuildConfiguration;
			buildSettings = {
				INFOPLIST_FILE = FISAutolayoutUITests/Info.plist;
				LD_RUNPATH_SEARCH_PATHS = "$(inherited) @executable_path/Frameworks @loader_path/Frameworks";
				PRODUCT_BUNDLE_IDENTIFIER = FIS.FISAutolayoutUITests;
				PRODUCT_NAME = "$(TARGET_NAME)";
				TEST_TARGET_NAME = FISAutolayout;
			};
			name = Debug;
		};
		1BF0CB461D2174C20091C64C /* Release */ = {
			isa = XCBuildConfiguration;
			buildSettings = {
				INFOPLIST_FILE = FISAutolayoutUITests/Info.plist;
				LD_RUNPATH_SEARCH_PATHS = "$(inherited) @executable_path/Frameworks @loader_path/Frameworks";
				PRODUCT_BUNDLE_IDENTIFIER = FIS.FISAutolayoutUITests;
				PRODUCT_NAME = "$(TARGET_NAME)";
				TEST_TARGET_NAME = FISAutolayout;
			};
			name = Release;
		};
/* End XCBuildConfiguration section */

/* Begin XCConfigurationList section */
		1BF0CB0C1D2174C20091C64C /* Build configuration list for PBXProject "FISAutolayout" */ = {
			isa = XCConfigurationList;
			buildConfigurations = (
				1BF0CB3C1D2174C20091C64C /* Debug */,
				1BF0CB3D1D2174C20091C64C /* Release */,
			);
			defaultConfigurationIsVisible = 0;
			defaultConfigurationName = Release;
		};
		1BF0CB3E1D2174C20091C64C /* Build configuration list for PBXNativeTarget "FISAutolayout" */ = {
			isa = XCConfigurationList;
			buildConfigurations = (
				1BF0CB3F1D2174C20091C64C /* Debug */,
				1BF0CB401D2174C20091C64C /* Release */,
			);
			defaultConfigurationIsVisible = 0;
		};
		1BF0CB411D2174C20091C64C /* Build configuration list for PBXNativeTarget "FISAutolayoutTests" */ = {
			isa = XCConfigurationList;
			buildConfigurations = (
				1BF0CB421D2174C20091C64C /* Debug */,
				1BF0CB431D2174C20091C64C /* Release */,
			);
			defaultConfigurationIsVisible = 0;
		};
		1BF0CB441D2174C20091C64C /* Build configuration list for PBXNativeTarget "FISAutolayoutUITests" */ = {
			isa = XCConfigurationList;
			buildConfigurations = (
				1BF0CB451D2174C20091C64C /* Debug */,
				1BF0CB461D2174C20091C64C /* Release */,
			);
			defaultConfigurationIsVisible = 0;
		};
/* End XCConfigurationList section */
	};
	rootObject = 1BF0CB091D2174C20091C64C /* Project object */;
}
